
Microsoft Visual Studio Solution File, Format Version 12.00
# Visual Studio Version 16
VisualStudioVersion = 16.0.29905.134
MinimumVisualStudioVersion = 10.0.40219.1
Project("{9A19103F-16F7-4668-BE54-9A1E7A4F7556}") = "MySuperBank", "MySuperBank\MySuperBank.csproj", "{C556DA62-6C11-47AF-86CF-9D62B29AEC72}"
EndProject
Project("{FAE04EC0-301F-11D3-BF4B-00C04F79EFBC}") = "BankingTest", "BankingTest\BankingTest.csproj", "{785E3BAA-ADEC-4D24-825B-F71095022E04}"
EndProject
Global
	GlobalSection(SolutionConfigurationPlatforms) = preSolution
		Debug|Any CPU = Debug|Any CPU
		Release|Any CPU = Release|Any CPU
	EndGlobalSection
	GlobalSection(ProjectConfigurationPlatforms) = postSolution
		{C556DA62-6C11-47AF-86CF-9D62B29AEC72}.Debug|Any CPU.ActiveCfg = Debug|Any CPU
		{C556DA62-6C11-47AF-86CF-9D62B29AEC72}.Debug|Any CPU.Build.0 = Debug|Any CPU
		{C556DA62-6C11-47AF-86CF-9D62B29AEC72}.Release|Any CPU.ActiveCfg = Release|Any CPU
		{C556DA62-6C11-47AF-86CF-9D62B29AEC72}.Release|Any CPU.Build.0 = Release|Any CPU
		{785E3BAA-ADEC-4D24-825B-F71095022E04}.Debug|Any CPU.ActiveCfg = Debug|Any CPU
		{785E3BAA-ADEC-4D24-825B-F71095022E04}.Debug|Any CPU.Build.0 = Debug|Any CPU
		{785E3BAA-ADEC-4D24-825B-F71095022E04}.Release|Any CPU.ActiveCfg = Release|Any CPU
		{785E3BAA-ADEC-4D24-825B-F71095022E04}.Release|Any CPU.Build.0 = Release|Any CPU
	EndGlobalSection
	GlobalSection(SolutionProperties) = preSolution
		HideSolutionNode = FALSE
	EndGlobalSection
	GlobalSection(ExtensibilityGlobals) = postSolution
		SolutionGuid = {1268FDAF-8206-427F-950C-6DA2A7B3AA67}
	EndGlobalSection
EndGlobal
